
Microsoft Visual Studio Solution File, Format Version 12.00
Project("{FAE04EC0-301F-11D3-BF4B-00C04F79EFBC}") = "ServerSideMap", "ServerSideMap\ServerSideMap.csproj", "{38A5EB8E-7BF4-43B7-9806-9C0DD82AB865}"
EndProject
Global
	GlobalSection(SolutionConfigurationPlatforms) = preSolution
		Debug|Any CPU = Debug|Any CPU
		Release|Any CPU = Release|Any CPU
	EndGlobalSection
	GlobalSection(ProjectConfigurationPlatforms) = postSolution
		{38A5EB8E-7BF4-43B7-9806-9C0DD82AB865}.Debug|Any CPU.ActiveCfg = Debug|Any CPU
		{38A5EB8E-7BF4-43B7-9806-9C0DD82AB865}.Debug|Any CPU.Build.0 = Debug|Any CPU
		{38A5EB8E-7BF4-43B7-9806-9C0DD82AB865}.Release|Any CPU.ActiveCfg = Release|Any CPU
		{38A5EB8E-7BF4-43B7-9806-9C0DD82AB865}.Release|Any CPU.Build.0 = Release|Any CPU
	EndGlobalSection
EndGlobal
